// !$*UTF8*$!
{
	archiveVersion = 1;
	classes = {
	};
	objectVersion = 55;
	objects = {

/* Begin PBXBuildFile section */
		1117C47FCEED08C070467DBC /* Pods_StateManagement.framework in Frameworks */ = {isa = PBXBuildFile; fileRef = 07675F360068242C692B97BD /* Pods_StateManagement.framework */; };
		D935A576283CA1F30012DAB4 /* FormViewController.swift in Sources */ = {isa = PBXBuildFile; fileRef = D935A575283CA1F30012DAB4 /* FormViewController.swift */; };
		D9EB41B0283C81C7000E6B21 /* AppDelegate.swift in Sources */ = {isa = PBXBuildFile; fileRef = D9EB41AF283C81C7000E6B21 /* AppDelegate.swift */; };
		D9EB41B2283C81C7000E6B21 /* SceneDelegate.swift in Sources */ = {isa = PBXBuildFile; fileRef = D9EB41B1283C81C7000E6B21 /* SceneDelegate.swift */; };
		D9EB41B4283C81C7000E6B21 /* WelcomeViewController.swift in Sources */ = {isa = PBXBuildFile; fileRef = D9EB41B3283C81C7000E6B21 /* WelcomeViewController.swift */; };
		D9EB41B7283C81C7000E6B21 /* Main.storyboard in Resources */ = {isa = PBXBuildFile; fileRef = D9EB41B5283C81C7000E6B21 /* Main.storyboard */; };
		D9EB41B9283C81C9000E6B21 /* Assets.xcassets in Resources */ = {isa = PBXBuildFile; fileRef = D9EB41B8283C81C9000E6B21 /* Assets.xcassets */; };
		D9EB41BC283C81C9000E6B21 /* LaunchScreen.storyboard in Resources */ = {isa = PBXBuildFile; fileRef = D9EB41BA283C81C9000E6B21 /* LaunchScreen.storyboard */; };
		D9EB41C7283C8336000E6B21 /* RoundedView.swift in Sources */ = {isa = PBXBuildFile; fileRef = D9EB41C6283C8336000E6B21 /* RoundedView.swift */; };
		D9EB41D2283C857C000E6B21 /* Chivo-Italic.ttf in Resources */ = {isa = PBXBuildFile; fileRef = D9EB41C9283C857B000E6B21 /* Chivo-Italic.ttf */; };
		D9EB41D3283C857C000E6B21 /* Chivo-Bold.ttf in Resources */ = {isa = PBXBuildFile; fileRef = D9EB41CA283C857B000E6B21 /* Chivo-Bold.ttf */; };
		D9EB41D4283C857C000E6B21 /* Chivo-Black.ttf in Resources */ = {isa = PBXBuildFile; fileRef = D9EB41CB283C857C000E6B21 /* Chivo-Black.ttf */; };
		D9EB41D5283C857C000E6B21 /* Chivo-Light.ttf in Resources */ = {isa = PBXBuildFile; fileRef = D9EB41CC283C857C000E6B21 /* Chivo-Light.ttf */; };
		D9EB41D6283C857C000E6B21 /* Chivo-BlackItalic.ttf in Resources */ = {isa = PBXBuildFile; fileRef = D9EB41CD283C857C000E6B21 /* Chivo-BlackItalic.ttf */; };
		D9EB41D7283C857C000E6B21 /* Chivo-Regular.ttf in Resources */ = {isa = PBXBuildFile; fileRef = D9EB41CE283C857C000E6B21 /* Chivo-Regular.ttf */; };
		D9EB41D8283C857C000E6B21 /* Chivo-BoldItalic.ttf in Resources */ = {isa = PBXBuildFile; fileRef = D9EB41CF283C857C000E6B21 /* Chivo-BoldItalic.ttf */; };
		D9EB41D9283C857C000E6B21 /* OFL.txt in Resources */ = {isa = PBXBuildFile; fileRef = D9EB41D0283C857C000E6B21 /* OFL.txt */; };
		D9EB41DA283C857C000E6B21 /* Chivo-LightItalic.ttf in Resources */ = {isa = PBXBuildFile; fileRef = D9EB41D1283C857C000E6B21 /* Chivo-LightItalic.ttf */; };
		D9EB41DC283C886D000E6B21 /* Extensions.swift in Sources */ = {isa = PBXBuildFile; fileRef = D9EB41DB283C886D000E6B21 /* Extensions.swift */; };
/* End PBXBuildFile section */

/* Begin PBXFileReference section */
		07675F360068242C692B97BD /* Pods_StateManagement.framework */ = {isa = PBXFileReference; explicitFileType = wrapper.framework; includeInIndex = 0; path = Pods_StateManagement.framework; sourceTree = BUILT_PRODUCTS_DIR; };
		B6CC35005A4A275D882F50F6 /* Pods-StateManagement.debug.xcconfig */ = {isa = PBXFileReference; includeInIndex = 1; lastKnownFileType = text.xcconfig; name = "Pods-StateManagement.debug.xcconfig"; path = "Target Support Files/Pods-StateManagement/Pods-StateManagement.debug.xcconfig"; sourceTree = "<group>"; };
		D935A575283CA1F30012DAB4 /* FormViewController.swift */ = {isa = PBXFileReference; lastKnownFileType = sourcecode.swift; path = FormViewController.swift; sourceTree = "<group>"; };
		D9EB41AC283C81C7000E6B21 /* StateManagement.app */ = {isa = PBXFileReference; explicitFileType = wrapper.application; includeInIndex = 0; path = StateManagement.app; sourceTree = BUILT_PRODUCTS_DIR; };
		D9EB41AF283C81C7000E6B21 /* AppDelegate.swift */ = {isa = PBXFileReference; lastKnownFileType = sourcecode.swift; path = AppDelegate.swift; sourceTree = "<group>"; };
		D9EB41B1283C81C7000E6B21 /* SceneDelegate.swift */ = {isa = PBXFileReference; lastKnownFileType = sourcecode.swift; path = SceneDelegate.swift; sourceTree = "<group>"; };
		D9EB41B3283C81C7000E6B21 /* WelcomeViewController.swift */ = {isa = PBXFileReference; lastKnownFileType = sourcecode.swift; path = WelcomeViewController.swift; sourceTree = "<group>"; };
		D9EB41B6283C81C7000E6B21 /* Base */ = {isa = PBXFileReference; lastKnownFileType = file.storyboard; name = Base; path = Base.lproj/Main.storyboard; sourceTree = "<group>"; };
		D9EB41B8283C81C9000E6B21 /* Assets.xcassets */ = {isa = PBXFileReference; lastKnownFileType = folder.assetcatalog; path = Assets.xcassets; sourceTree = "<group>"; };
		D9EB41BB283C81C9000E6B21 /* Base */ = {isa = PBXFileReference; lastKnownFileType = file.storyboard; name = Base; path = Base.lproj/LaunchScreen.storyboard; sourceTree = "<group>"; };
		D9EB41BD283C81C9000E6B21 /* Info.plist */ = {isa = PBXFileReference; lastKnownFileType = text.plist.xml; path = Info.plist; sourceTree = "<group>"; };
		D9EB41C6283C8336000E6B21 /* RoundedView.swift */ = {isa = PBXFileReference; lastKnownFileType = sourcecode.swift; path = RoundedView.swift; sourceTree = "<group>"; };
		D9EB41C9283C857B000E6B21 /* Chivo-Italic.ttf */ = {isa = PBXFileReference; lastKnownFileType = file; path = "Chivo-Italic.ttf"; sourceTree = "<group>"; };
		D9EB41CA283C857B000E6B21 /* Chivo-Bold.ttf */ = {isa = PBXFileReference; lastKnownFileType = file; path = "Chivo-Bold.ttf"; sourceTree = "<group>"; };
		D9EB41CB283C857C000E6B21 /* Chivo-Black.ttf */ = {isa = PBXFileReference; lastKnownFileType = file; path = "Chivo-Black.ttf"; sourceTree = "<group>"; };
		D9EB41CC283C857C000E6B21 /* Chivo-Light.ttf */ = {isa = PBXFileReference; lastKnownFileType = file; path = "Chivo-Light.ttf"; sourceTree = "<group>"; };
		D9EB41CD283C857C000E6B21 /* Chivo-BlackItalic.ttf */ = {isa = PBXFileReference; lastKnownFileType = file; path = "Chivo-BlackItalic.ttf"; sourceTree = "<group>"; };
		D9EB41CE283C857C000E6B21 /* Chivo-Regular.ttf */ = {isa = PBXFileReference; lastKnownFileType = file; path = "Chivo-Regular.ttf"; sourceTree = "<group>"; };
		D9EB41CF283C857C000E6B21 /* Chivo-BoldItalic.ttf */ = {isa = PBXFileReference; lastKnownFileType = file; path = "Chivo-BoldItalic.ttf"; sourceTree = "<group>"; };
		D9EB41D0283C857C000E6B21 /* OFL.txt */ = {isa = PBXFileReference; fileEncoding = 4; lastKnownFileType = text; path = OFL.txt; sourceTree = "<group>"; };
		D9EB41D1283C857C000E6B21 /* Chivo-LightItalic.ttf */ = {isa = PBXFileReference; lastKnownFileType = file; path = "Chivo-LightItalic.ttf"; sourceTree = "<group>"; };
		D9EB41DB283C886D000E6B21 /* Extensions.swift */ = {isa = PBXFileReference; lastKnownFileType = sourcecode.swift; path = Extensions.swift; sourceTree = "<group>"; };
		F6C96FBCBAE5CB283FBCEB5A /* Pods-StateManagement.release.xcconfig */ = {isa = PBXFileReference; includeInIndex = 1; lastKnownFileType = text.xcconfig; name = "Pods-StateManagement.release.xcconfig"; path = "Target Support Files/Pods-StateManagement/Pods-StateManagement.release.xcconfig"; sourceTree = "<group>"; };
/* End PBXFileReference section */

/* Begin PBXFrameworksBuildPhase section */
		D9EB41A9283C81C7000E6B21 /* Frameworks */ = {
			isa = PBXFrameworksBuildPhase;
			buildActionMask = 2147483647;
			files = (
				1117C47FCEED08C070467DBC /* Pods_StateManagement.framework in Frameworks */,
			);
			runOnlyForDeploymentPostprocessing = 0;
		};
/* End PBXFrameworksBuildPhase section */

/* Begin PBXGroup section */
		27EF67E8E402985008430224 /* Frameworks */ = {
			isa = PBXGroup;
			children = (
				07675F360068242C692B97BD /* Pods_StateManagement.framework */,
			);
			name = Frameworks;
			sourceTree = "<group>";
		};
		C0A3259BC0C64F0D423E0AE1 /* Pods */ = {
			isa = PBXGroup;
			children = (
				B6CC35005A4A275D882F50F6 /* Pods-StateManagement.debug.xcconfig */,
				F6C96FBCBAE5CB283FBCEB5A /* Pods-StateManagement.release.xcconfig */,
			);
			path = Pods;
			sourceTree = "<group>";
		};
		D9EB41A3283C81C6000E6B21 = {
			isa = PBXGroup;
			children = (
				D9EB41AE283C81C7000E6B21 /* StateManagement */,
				D9EB41AD283C81C7000E6B21 /* Products */,
				C0A3259BC0C64F0D423E0AE1 /* Pods */,
				27EF67E8E402985008430224 /* Frameworks */,
			);
			sourceTree = "<group>";
		};
		D9EB41AD283C81C7000E6B21 /* Products */ = {
			isa = PBXGroup;
			children = (
				D9EB41AC283C81C7000E6B21 /* StateManagement.app */,
			);
			name = Products;
			sourceTree = "<group>";
		};
		D9EB41AE283C81C7000E6B21 /* StateManagement */ = {
			isa = PBXGroup;
			children = (
				D9EB41C3283C8304000E6B21 /* Supporting Files */,
				D9EB41AF283C81C7000E6B21 /* AppDelegate.swift */,
				D9EB41B1283C81C7000E6B21 /* SceneDelegate.swift */,
				D9EB41B3283C81C7000E6B21 /* WelcomeViewController.swift */,
				D9EB41B5283C81C7000E6B21 /* Main.storyboard */,
				D9EB41BA283C81C9000E6B21 /* LaunchScreen.storyboard */,
				D9EB41BD283C81C9000E6B21 /* Info.plist */,
				D935A575283CA1F30012DAB4 /* FormViewController.swift */,
			);
			path = StateManagement;
			sourceTree = "<group>";
		};
		D9EB41C3283C8304000E6B21 /* Supporting Files */ = {
			isa = PBXGroup;
			children = (
				D9EB41B8283C81C9000E6B21 /* Assets.xcassets */,
				D9EB41C8283C856B000E6B21 /* Fonts */,
				D9EB41C6283C8336000E6B21 /* RoundedView.swift */,
				D9EB41DB283C886D000E6B21 /* Extensions.swift */,
			);
			path = "Supporting Files";
			sourceTree = "<group>";
		};
		D9EB41C8283C856B000E6B21 /* Fonts */ = {
			isa = PBXGroup;
			children = (
				D9EB41CB283C857C000E6B21 /* Chivo-Black.ttf */,
				D9EB41CD283C857C000E6B21 /* Chivo-BlackItalic.ttf */,
				D9EB41CA283C857B000E6B21 /* Chivo-Bold.ttf */,
				D9EB41CF283C857C000E6B21 /* Chivo-BoldItalic.ttf */,
				D9EB41C9283C857B000E6B21 /* Chivo-Italic.ttf */,
				D9EB41CC283C857C000E6B21 /* Chivo-Light.ttf */,
				D9EB41D1283C857C000E6B21 /* Chivo-LightItalic.ttf */,
				D9EB41CE283C857C000E6B21 /* Chivo-Regular.ttf */,
				D9EB41D0283C857C000E6B21 /* OFL.txt */,
			);
			path = Fonts;
			sourceTree = "<group>";
		};
/* End PBXGroup section */

/* Begin PBXNativeTarget section */
		D9EB41AB283C81C7000E6B21 /* StateManagement */ = {
			isa = PBXNativeTarget;
			buildConfigurationList = D9EB41C0283C81C9000E6B21 /* Build configuration list for PBXNativeTarget "StateManagement" */;
			buildPhases = (
				485B848CC31A1A23759C1518 /* [CP] Check Pods Manifest.lock */,
				D9EB41A8283C81C7000E6B21 /* Sources */,
				D9EB41A9283C81C7000E6B21 /* Frameworks */,
				D9EB41AA283C81C7000E6B21 /* Resources */,
				52447FBB5DBF02B25CA8615F /* [CP] Embed Pods Frameworks */,
			);
			buildRules = (
			);
			dependencies = (
			);
			name = StateManagement;
			productName = StateManagement;
			productReference = D9EB41AC283C81C7000E6B21 /* StateManagement.app */;
			productType = "com.apple.product-type.application";
		};
/* End PBXNativeTarget section */

/* Begin PBXProject section */
		D9EB41A4283C81C7000E6B21 /* Project object */ = {
			isa = PBXProject;
			attributes = {
				BuildIndependentTargetsInParallel = 1;
				LastSwiftUpdateCheck = 1300;
				LastUpgradeCheck = 1300;
				TargetAttributes = {
					D9EB41AB283C81C7000E6B21 = {
						CreatedOnToolsVersion = 13.0;
					};
				};
			};
			buildConfigurationList = D9EB41A7283C81C7000E6B21 /* Build configuration list for PBXProject "StateManagement" */;
			compatibilityVersion = "Xcode 13.0";
			developmentRegion = en;
			hasScannedForEncodings = 0;
			knownRegions = (
				en,
				Base,
			);
			mainGroup = D9EB41A3283C81C6000E6B21;
			productRefGroup = D9EB41AD283C81C7000E6B21 /* Products */;
			projectDirPath = "";
			projectRoot = "";
			targets = (
				D9EB41AB283C81C7000E6B21 /* StateManagement */,
			);
		};
/* End PBXProject section */

/* Begin PBXResourcesBuildPhase section */
		D9EB41AA283C81C7000E6B21 /* Resources */ = {
			isa = PBXResourcesBuildPhase;
			buildActionMask = 2147483647;
			files = (
				D9EB41D2283C857C000E6B21 /* Chivo-Italic.ttf in Resources */,
				D9EB41D9283C857C000E6B21 /* OFL.txt in Resources */,
				D9EB41D8283C857C000E6B21 /* Chivo-BoldItalic.ttf in Resources */,
				D9EB41D5283C857C000E6B21 /* Chivo-Light.ttf in Resources */,
				D9EB41D6283C857C000E6B21 /* Chivo-BlackItalic.ttf in Resources */,
				D9EB41D3283C857C000E6B21 /* Chivo-Bold.ttf in Resources */,
				D9EB41BC283C81C9000E6B21 /* LaunchScreen.storyboard in Resources */,
				D9EB41B9283C81C9000E6B21 /* Assets.xcassets in Resources */,
				D9EB41D4283C857C000E6B21 /* Chivo-Black.ttf in Resources */,
				D9EB41DA283C857C000E6B21 /* Chivo-LightItalic.ttf in Resources */,
				D9EB41B7283C81C7000E6B21 /* Main.storyboard in Resources */,
				D9EB41D7283C857C000E6B21 /* Chivo-Regular.ttf in Resources */,
			);
			runOnlyForDeploymentPostprocessing = 0;
		};
/* End PBXResourcesBuildPhase section */

/* Begin PBXShellScriptBuildPhase section */
		485B848CC31A1A23759C1518 /* [CP] Check Pods Manifest.lock */ = {
			isa = PBXShellScriptBuildPhase;
			buildActionMask = 2147483647;
			files = (
			);
			inputFileListPaths = (
			);
			inputPaths = (
				"${PODS_PODFILE_DIR_PATH}/Podfile.lock",
				"${PODS_ROOT}/Manifest.lock",
			);
			name = "[CP] Check Pods Manifest.lock";
			outputFileListPaths = (
			);
			outputPaths = (
				"$(DERIVED_FILE_DIR)/Pods-StateManagement-checkManifestLockResult.txt",
			);
			runOnlyForDeploymentPostprocessing = 0;
			shellPath = /bin/sh;
			shellScript = "diff \"${PODS_PODFILE_DIR_PATH}/Podfile.lock\" \"${PODS_ROOT}/Manifest.lock\" > /dev/null\nif [ $? != 0 ] ; then\n    # print error to STDERR\n    echo \"error: The sandbox is not in sync with the Podfile.lock. Run 'pod install' or update your CocoaPods installation.\" >&2\n    exit 1\nfi\n# This output is used by Xcode 'outputs' to avoid re-running this script phase.\necho \"SUCCESS\" > \"${SCRIPT_OUTPUT_FILE_0}\"\n";
			showEnvVarsInLog = 0;
		};
		52447FBB5DBF02B25CA8615F /* [CP] Embed Pods Frameworks */ = {
			isa = PBXShellScriptBuildPhase;
			buildActionMask = 2147483647;
			files = (
			);
			inputFileListPaths = (
				"${PODS_ROOT}/Target Support Files/Pods-StateManagement/Pods-StateManagement-frameworks-${CONFIGURATION}-input-files.xcfilelist",
			);
			name = "[CP] Embed Pods Frameworks";
			outputFileListPaths = (
				"${PODS_ROOT}/Target Support Files/Pods-StateManagement/Pods-StateManagement-frameworks-${CONFIGURATION}-output-files.xcfilelist",
			);
			runOnlyForDeploymentPostprocessing = 0;
			shellPath = /bin/sh;
			shellScript = "\"${PODS_ROOT}/Target Support Files/Pods-StateManagement/Pods-StateManagement-frameworks.sh\"\n";
			showEnvVarsInLog = 0;
		};
/* End PBXShellScriptBuildPhase section */

/* Begin PBXSourcesBuildPhase section */
		D9EB41A8283C81C7000E6B21 /* Sources */ = {
			isa = PBXSourcesBuildPhase;
			buildActionMask = 2147483647;
			files = (
				D935A576283CA1F30012DAB4 /* FormViewController.swift in Sources */,
				D9EB41DC283C886D000E6B21 /* Extensions.swift in Sources */,
				D9EB41C7283C8336000E6B21 /* RoundedView.swift in Sources */,
				D9EB41B4283C81C7000E6B21 /* WelcomeViewController.swift in Sources */,
				D9EB41B0283C81C7000E6B21 /* AppDelegate.swift in Sources */,
				D9EB41B2283C81C7000E6B21 /* SceneDelegate.swift in Sources */,
			);
			runOnlyForDeploymentPostprocessing = 0;
		};
/* End PBXSourcesBuildPhase section */

/* Begin PBXVariantGroup section */
		D9EB41B5283C81C7000E6B21 /* Main.storyboard */ = {
			isa = PBXVariantGroup;
			children = (
				D9EB41B6283C81C7000E6B21 /* Base */,
			);
			name = Main.storyboard;
			sourceTree = "<group>";
		};
		D9EB41BA283C81C9000E6B21 /* LaunchScreen.storyboard */ = {
			isa = PBXVariantGroup;
			children = (
				D9EB41BB283C81C9000E6B21 /* Base */,
			);
			name = LaunchScreen.storyboard;
			sourceTree = "<group>";
		};
/* End PBXVariantGroup section */

/* Begin XCBuildConfiguration section */
		D9EB41BE283C81C9000E6B21 /* Debug */ = {
			isa = XCBuildConfiguration;
			buildSettings = {
				ALWAYS_SEARCH_USER_PATHS = NO;
				CLANG_ANALYZER_NONNULL = YES;
				CLANG_ANALYZER_NUMBER_OBJECT_CONVERSION = YES_AGGRESSIVE;
				CLANG_CXX_LANGUAGE_STANDARD = "gnu++17";
				CLANG_CXX_LIBRARY = "libc++";
				CLANG_ENABLE_MODULES = YES;
				CLANG_ENABLE_OBJC_ARC = YES;
				CLANG_ENABLE_OBJC_WEAK = YES;
				CLANG_WARN_BLOCK_CAPTURE_AUTORELEASING = YES;
				CLANG_WARN_BOOL_CONVERSION = YES;
				CLANG_WARN_COMMA = YES;
				CLANG_WARN_CONSTANT_CONVERSION = YES;
				CLANG_WARN_DEPRECATED_OBJC_IMPLEMENTATIONS = YES;
				CLANG_WARN_DIRECT_OBJC_ISA_USAGE = YES_ERROR;
				CLANG_WARN_DOCUMENTATION_COMMENTS = YES;
				CLANG_WARN_EMPTY_BODY = YES;
				CLANG_WARN_ENUM_CONVERSION = YES;
				CLANG_WARN_INFINITE_RECURSION = YES;
				CLANG_WARN_INT_CONVERSION = YES;
				CLANG_WARN_NON_LITERAL_NULL_CONVERSION = YES;
				CLANG_WARN_OBJC_IMPLICIT_RETAIN_SELF = YES;
				CLANG_WARN_OBJC_LITERAL_CONVERSION = YES;
				CLANG_WARN_OBJC_ROOT_CLASS = YES_ERROR;
				CLANG_WARN_QUOTED_INCLUDE_IN_FRAMEWORK_HEADER = YES;
				CLANG_WARN_RANGE_LOOP_ANALYSIS = YES;
				CLANG_WARN_STRICT_PROTOTYPES = YES;
				CLANG_WARN_SUSPICIOUS_MOVE = YES;
				CLANG_WARN_UNGUARDED_AVAILABILITY = YES_AGGRESSIVE;
				CLANG_WARN_UNREACHABLE_CODE = YES;
				CLANG_WARN__DUPLICATE_METHOD_MATCH = YES;
				COPY_PHASE_STRIP = NO;
				DEBUG_INFORMATION_FORMAT = dwarf;
				ENABLE_STRICT_OBJC_MSGSEND = YES;
				ENABLE_TESTABILITY = YES;
				GCC_C_LANGUAGE_STANDARD = gnu11;
				GCC_DYNAMIC_NO_PIC = NO;
				GCC_NO_COMMON_BLOCKS = YES;
				GCC_OPTIMIZATION_LEVEL = 0;
				GCC_PREPROCESSOR_DEFINITIONS = (
					"DEBUG=1",
					"$(inherited)",
				);
				GCC_WARN_64_TO_32_BIT_CONVERSION = YES;
				GCC_WARN_ABOUT_RETURN_TYPE = YES_ERROR;
				GCC_WARN_UNDECLARED_SELECTOR = YES;
				GCC_WARN_UNINITIALIZED_AUTOS = YES_AGGRESSIVE;
				GCC_WARN_UNUSED_FUNCTION = YES;
				GCC_WARN_UNUSED_VARIABLE = YES;
				IPHONEOS_DEPLOYMENT_TARGET = 15.0;
				MTL_ENABLE_DEBUG_INFO = INCLUDE_SOURCE;
				MTL_FAST_MATH = YES;
				ONLY_ACTIVE_ARCH = YES;
				SDKROOT = iphoneos;
				SWIFT_ACTIVE_COMPILATION_CONDITIONS = DEBUG;
				SWIFT_OPTIMIZATION_LEVEL = "-Onone";
			};
			name = Debug;
		};
		D9EB41BF283C81C9000E6B21 /* Release */ = {
			isa = XCBuildConfiguration;
			buildSettings = {
				ALWAYS_SEARCH_USER_PATHS = NO;
				CLANG_ANALYZER_NONNULL = YES;
				CLANG_ANALYZER_NUMBER_OBJECT_CONVERSION = YES_AGGRESSIVE;
				CLANG_CXX_LANGUAGE_STANDARD = "gnu++17";
				CLANG_CXX_LIBRARY = "libc++";
				CLANG_ENABLE_MODULES = YES;
				CLANG_ENABLE_OBJC_ARC = YES;
				CLANG_ENABLE_OBJC_WEAK = YES;
				CLANG_WARN_BLOCK_CAPTURE_AUTORELEASING = YES;
				CLANG_WARN_BOOL_CONVERSION = YES;
				CLANG_WARN_COMMA = YES;
				CLANG_WARN_CONSTANT_CONVERSION = YES;
				CLANG_WARN_DEPRECATED_OBJC_IMPLEMENTATIONS = YES;
				CLANG_WARN_DIRECT_OBJC_ISA_USAGE = YES_ERROR;
				CLANG_WARN_DOCUMENTATION_COMMENTS = YES;
				CLANG_WARN_EMPTY_BODY = YES;
				CLANG_WARN_ENUM_CONVERSION = YES;
				CLANG_WARN_INFINITE_RECURSION = YES;
				CLANG_WARN_INT_CONVERSION = YES;
				CLANG_WARN_NON_LITERAL_NULL_CONVERSION = YES;
				CLANG_WARN_OBJC_IMPLICIT_RETAIN_SELF = YES;
				CLANG_WARN_OBJC_LITERAL_CONVERSION = YES;
				CLANG_WARN_OBJC_ROOT_CLASS = YES_ERROR;
				CLANG_WARN_QUOTED_INCLUDE_IN_FRAMEWORK_HEADER = YES;
				CLANG_WARN_RANGE_LOOP_ANALYSIS = YES;
				CLANG_WARN_STRICT_PROTOTYPES = YES;
				CLANG_WARN_SUSPICIOUS_MOVE = YES;
				CLANG_WARN_UNGUARDED_AVAILABILITY = YES_AGGRESSIVE;
				CLANG_WARN_UNREACHABLE_CODE = YES;
				CLANG_WARN__DUPLICATE_METHOD_MATCH = YES;
				COPY_PHASE_STRIP = NO;
				DEBUG_INFORMATION_FORMAT = "dwarf-with-dsym";
				ENABLE_NS_ASSERTIONS = NO;
				ENABLE_STRICT_OBJC_MSGSEND = YES;
				GCC_C_LANGUAGE_STANDARD = gnu11;
				GCC_NO_COMMON_BLOCKS = YES;
				GCC_WARN_64_TO_32_BIT_CONVERSION = YES;
				GCC_WARN_ABOUT_RETURN_TYPE = YES_ERROR;
				GCC_WARN_UNDECLARED_SELECTOR = YES;
				GCC_WARN_UNINITIALIZED_AUTOS = YES_AGGRESSIVE;
				GCC_WARN_UNUSED_FUNCTION = YES;
				GCC_WARN_UNUSED_VARIABLE = YES;
				IPHONEOS_DEPLOYMENT_TARGET = 15.0;
				MTL_ENABLE_DEBUG_INFO = NO;
				MTL_FAST_MATH = YES;
				SDKROOT = iphoneos;
				SWIFT_COMPILATION_MODE = wholemodule;
				SWIFT_OPTIMIZATION_LEVEL = "-O";
				VALIDATE_PRODUCT = YES;
			};
			name = Release;
		};
		D9EB41C1283C81C9000E6B21 /* Debug */ = {
			isa = XCBuildConfiguration;
			baseConfigurationReference = B6CC35005A4A275D882F50F6 /* Pods-StateManagement.debug.xcconfig */;
			buildSettings = {
				ASSETCATALOG_COMPILER_APPICON_NAME = AppIcon;
				ASSETCATALOG_COMPILER_GLOBAL_ACCENT_COLOR_NAME = AccentColor;
				CODE_SIGN_STYLE = Automatic;
				CURRENT_PROJECT_VERSION = 1;
				DEVELOPMENT_TEAM = M63UDXQC5B;
				GENERATE_INFOPLIST_FILE = YES;
				INFOPLIST_FILE = StateManagement/Info.plist;
				INFOPLIST_KEY_UIApplicationSupportsIndirectInputEvents = YES;
				INFOPLIST_KEY_UILaunchStoryboardName = LaunchScreen;
				INFOPLIST_KEY_UIMainStoryboardFile = Main;
				INFOPLIST_KEY_UISupportedInterfaceOrientations_iPad = "UIInterfaceOrientationPortrait UIInterfaceOrientationPortraitUpsideDown UIInterfaceOrientationLandscapeLeft UIInterfaceOrientationLandscapeRight";
				INFOPLIST_KEY_UISupportedInterfaceOrientations_iPhone = "UIInterfaceOrientationPortrait UIInterfaceOrientationLandscapeLeft UIInterfaceOrientationLandscapeRight";
				IPHONEOS_DEPLOYMENT_TARGET = 13.0;
				LD_RUNPATH_SEARCH_PATHS = (
					"$(inherited)",
					"@executable_path/Frameworks",
				);
				MARKETING_VERSION = 1.0;
				PRODUCT_BUNDLE_IDENTIFIER = com.myanmy.StateManagement;
				PRODUCT_NAME = "$(TARGET_NAME)";
				SWIFT_EMIT_LOC_STRINGS = YES;
				SWIFT_VERSION = 5.0;
				TARGETED_DEVICE_FAMILY = 1;
			};
			name = Debug;
		};
		D9EB41C2283C81C9000E6B21 /* Release */ = {
			isa = XCBuildConfiguration;
			baseConfigurationReference = F6C96FBCBAE5CB283FBCEB5A /* Pods-StateManagement.release.xcconfig */;
			buildSettings = {
				ASSETCATALOG_COMPILER_APPICON_NAME = AppIcon;
				ASSETCATALOG_COMPILER_GLOBAL_ACCENT_COLOR_NAME = AccentColor;
				CODE_SIGN_STYLE = Automatic;
				CURRENT_PROJECT_VERSION = 1;
				DEVELOPMENT_TEAM = M63UDXQC5B;
				GENERATE_INFOPLIST_FILE = YES;
				INFOPLIST_FILE = StateManagement/Info.plist;
				INFOPLIST_KEY_UIApplicationSupportsIndirectInputEvents = YES;
				INFOPLIST_KEY_UILaunchStoryboardName = LaunchScreen;
				INFOPLIST_KEY_UIMainStoryboardFile = Main;
				INFOPLIST_KEY_UISupportedInterfaceOrientations_iPad = "UIInterfaceOrientationPortrait UIInterfaceOrientationPortraitUpsideDown UIInterfaceOrientationLandscapeLeft UIInterfaceOrientationLandscapeRight";
				INFOPLIST_KEY_UISupportedInterfaceOrientations_iPhone = "UIInterfaceOrientationPortrait UIInterfaceOrientationLandscapeLeft UIInterfaceOrientationLandscapeRight";
				IPHONEOS_DEPLOYMENT_TARGET = 13.0;
				LD_RUNPATH_SEARCH_PATHS = (
					"$(inherited)",
					"@executable_path/Frameworks",
				);
				MARKETING_VERSION = 1.0;
				PRODUCT_BUNDLE_IDENTIFIER = com.myanmy.StateManagement;
				PRODUCT_NAME = "$(TARGET_NAME)";
				SWIFT_EMIT_LOC_STRINGS = YES;
				SWIFT_VERSION = 5.0;
				TARGETED_DEVICE_FAMILY = 1;
			};
			name = Release;
		};
/* End XCBuildConfiguration section */

/* Begin XCConfigurationList section */
		D9EB41A7283C81C7000E6B21 /* Build configuration list for PBXProject "StateManagement" */ = {
			isa = XCConfigurationList;
			buildConfigurations = (
				D9EB41BE283C81C9000E6B21 /* Debug */,
				D9EB41BF283C81C9000E6B21 /* Release */,
			);
			defaultConfigurationIsVisible = 0;
			defaultConfigurationName = Release;
		};
		D9EB41C0283C81C9000E6B21 /* Build configuration list for PBXNativeTarget "StateManagement" */ = {
			isa = XCConfigurationList;
			buildConfigurations = (
				D9EB41C1283C81C9000E6B21 /* Debug */,
				D9EB41C2283C81C9000E6B21 /* Release */,
			);
			defaultConfigurationIsVisible = 0;
			defaultConfigurationName = Release;
		};
/* End XCConfigurationList section */
	};
	rootObject = D9EB41A4283C81C7000E6B21 /* Project object */;
}
